<?xml version="1.0" encoding="utf-8"?>
<Project ToolsVersion="4.0" xmlns="http://schemas.microsoft.com/developer/msbuild/2003">
  <ItemGroup>
    <Filter Include="Sources">
      <UniqueIdentifier>{6779df79-52cd-4f06-816b-671d70d364cc}</UniqueIdentifier>
    </Filter>
  </ItemGroup>
  <ItemGroup>
    <ClCompile Include="Sources\cli.c">
      <Filter>Sources</Filter>
    </ClCompile>
    <ClCompile Include="Sources\core.c">
      <Filter>Sources</Filter>
    </ClCompile>
  </ItemGroup>
  <ItemGroup>
    <ClInclude Include="Sources\core.h">
      <Filter>Sources</Filter>
    </ClInclude>
  </ItemGroup>
</Project>